// !$*UTF8*$!
{
	archiveVersion = 1;
	classes = {
	};
	objectVersion = 51;
	objects = {

/* Begin PBXBuildFile section */
		4F28C7D1EA987BF7A66851DD /* Pods_TekoStudyTests.framework in Frameworks */ = {isa = PBXBuildFile; fileRef = 73C37FBC0B8914E49575689C /* Pods_TekoStudyTests.framework */; };
		94D7F5470BC8A065EC4560E4 /* Pods_TekoStudy.framework in Frameworks */ = {isa = PBXBuildFile; fileRef = 2196545A2A43ABCF95A253D8 /* Pods_TekoStudy.framework */; };
		C0467655241A981400D309C2 /* ProductDetailViewController.swift in Sources */ = {isa = PBXBuildFile; fileRef = C0467654241A981400D309C2 /* ProductDetailViewController.swift */; };
		C0478225241C8FEE002C6955 /* PaddingLabel.swift in Sources */ = {isa = PBXBuildFile; fileRef = C0478224241C8FEE002C6955 /* PaddingLabel.swift */; };
		C048BDA824191DAB00195656 /* Product.swift in Sources */ = {isa = PBXBuildFile; fileRef = C048BDA724191DAB00195656 /* Product.swift */; };
		C048BDAA2419295400195656 /* NibLoadableView.swift in Sources */ = {isa = PBXBuildFile; fileRef = C048BDA92419295400195656 /* NibLoadableView.swift */; };
		C048BDAC2419298E00195656 /* ReusableView.swift in Sources */ = {isa = PBXBuildFile; fileRef = C048BDAB2419298D00195656 /* ReusableView.swift */; };
		C0492F02241A29700066DAB3 /* ListProductCell.swift in Sources */ = {isa = PBXBuildFile; fileRef = C0492F00241A29700066DAB3 /* ListProductCell.swift */; };
		C0492F03241A29700066DAB3 /* ListProductCell.xib in Resources */ = {isa = PBXBuildFile; fileRef = C0492F01241A29700066DAB3 /* ListProductCell.xib */; };
		C0492F06241A39820066DAB3 /* CurrencyView.swift in Sources */ = {isa = PBXBuildFile; fileRef = C0492F05241A39820066DAB3 /* CurrencyView.swift */; };
		C0492F08241A39900066DAB3 /* CurrencyView.xib in Resources */ = {isa = PBXBuildFile; fileRef = C0492F07241A39900066DAB3 /* CurrencyView.xib */; };
		C0494EFC241CCCDE006381C5 /* DetailProductTitleView.swift in Sources */ = {isa = PBXBuildFile; fileRef = C0494EFB241CCCDE006381C5 /* DetailProductTitleView.swift */; };
		C0494EFE241CCCF3006381C5 /* DetailProductTitleView.xib in Resources */ = {isa = PBXBuildFile; fileRef = C0494EFD241CCCF3006381C5 /* DetailProductTitleView.xib */; };
		C0494F00241CE12E006381C5 /* CartButton.swift in Sources */ = {isa = PBXBuildFile; fileRef = C0494EFF241CE12E006381C5 /* CartButton.swift */; };
		C0494F02241CE15A006381C5 /* CartButton.xib in Resources */ = {isa = PBXBuildFile; fileRef = C0494F01241CE15A006381C5 /* CartButton.xib */; };
		C04C7778241BE1E3002B5704 /* MenuCell.swift in Sources */ = {isa = PBXBuildFile; fileRef = C04C7777241BE1E3002B5704 /* MenuCell.swift */; };
		C04C777C241BE228002B5704 /* MenuCell.xib in Resources */ = {isa = PBXBuildFile; fileRef = C04C777B241BE228002B5704 /* MenuCell.xib */; };
		C04C777F241BEA9D002B5704 /* InfoProductViewCell.swift in Sources */ = {isa = PBXBuildFile; fileRef = C04C777D241BEA9D002B5704 /* InfoProductViewCell.swift */; };
		C04C7780241BEA9D002B5704 /* InfoProductViewCell.xib in Resources */ = {isa = PBXBuildFile; fileRef = C04C777E241BEA9D002B5704 /* InfoProductViewCell.xib */; };
		C04C7782241BECDC002B5704 /* UICollectionView+Register.swift in Sources */ = {isa = PBXBuildFile; fileRef = C04C7781241BECDC002B5704 /* UICollectionView+Register.swift */; };
		C04C7785241BED07002B5704 /* ProductCollectionViewCell.swift in Sources */ = {isa = PBXBuildFile; fileRef = C04C7783241BED07002B5704 /* ProductCollectionViewCell.swift */; };
		C04C7786241BED07002B5704 /* ProductCollectionViewCell.xib in Resources */ = {isa = PBXBuildFile; fileRef = C04C7784241BED07002B5704 /* ProductCollectionViewCell.xib */; };
		C0790DCD241B2C1F0010B3AF /* StoryBoardHelper.swift in Sources */ = {isa = PBXBuildFile; fileRef = C0790DCC241B2C1F0010B3AF /* StoryBoardHelper.swift */; };
		C090ABC724187BBE00DE6F09 /* AppDelegate.swift in Sources */ = {isa = PBXBuildFile; fileRef = C090ABC624187BBE00DE6F09 /* AppDelegate.swift */; };
		C090ABCE24187BBE00DE6F09 /* Main.storyboard in Resources */ = {isa = PBXBuildFile; fileRef = C090ABCC24187BBE00DE6F09 /* Main.storyboard */; };
		C090ABD024187BBF00DE6F09 /* Assets.xcassets in Resources */ = {isa = PBXBuildFile; fileRef = C090ABCF24187BBF00DE6F09 /* Assets.xcassets */; };
		C090ABD324187BBF00DE6F09 /* LaunchScreen.storyboard in Resources */ = {isa = PBXBuildFile; fileRef = C090ABD124187BBF00DE6F09 /* LaunchScreen.storyboard */; };
		C090ABDE24187BBF00DE6F09 /* TekoStudyTests.swift in Sources */ = {isa = PBXBuildFile; fileRef = C090ABDD24187BBF00DE6F09 /* TekoStudyTests.swift */; };
		C090AC2724188ADF00DE6F09 /* Constants.swift in Sources */ = {isa = PBXBuildFile; fileRef = C090ABEB24188ADE00DE6F09 /* Constants.swift */; };
		C090AC2824188ADF00DE6F09 /* KeyboardManager.swift in Sources */ = {isa = PBXBuildFile; fileRef = C090ABEC24188ADE00DE6F09 /* KeyboardManager.swift */; };
		C090AC2924188ADF00DE6F09 /* Delay.swift in Sources */ = {isa = PBXBuildFile; fileRef = C090ABED24188ADE00DE6F09 /* Delay.swift */; };
		C090AC3224188ADF00DE6F09 /* CodableResponse.swift in Sources */ = {isa = PBXBuildFile; fileRef = C090ABF724188ADF00DE6F09 /* CodableResponse.swift */; };
		C090AC3324188ADF00DE6F09 /* TekoError.swift in Sources */ = {isa = PBXBuildFile; fileRef = C090ABF824188ADF00DE6F09 /* TekoError.swift */; };
		C090AC3F24188ADF00DE6F09 /* CALayer+Shadow.swift in Sources */ = {isa = PBXBuildFile; fileRef = C090AC0624188ADF00DE6F09 /* CALayer+Shadow.swift */; };
		C090AC4024188ADF00DE6F09 /* UITableView+ScrollToTop.swift in Sources */ = {isa = PBXBuildFile; fileRef = C090AC0724188ADF00DE6F09 /* UITableView+ScrollToTop.swift */; };
		C090AC4124188ADF00DE6F09 /* Int+Formatter.swift in Sources */ = {isa = PBXBuildFile; fileRef = C090AC0824188ADF00DE6F09 /* Int+Formatter.swift */; };
		C090AC4324188ADF00DE6F09 /* UITabBar+Ext.swift in Sources */ = {isa = PBXBuildFile; fileRef = C090AC0A24188ADF00DE6F09 /* UITabBar+Ext.swift */; };
		C090AC4524188ADF00DE6F09 /* UIView+Designable.swift in Sources */ = {isa = PBXBuildFile; fileRef = C090AC0C24188ADF00DE6F09 /* UIView+Designable.swift */; };
		C090AC4624188ADF00DE6F09 /* UIWindow+Visible.swift in Sources */ = {isa = PBXBuildFile; fileRef = C090AC0D24188ADF00DE6F09 /* UIWindow+Visible.swift */; };
		C090AC4724188ADF00DE6F09 /* UIButton+Designable.swift in Sources */ = {isa = PBXBuildFile; fileRef = C090AC0E24188ADF00DE6F09 /* UIButton+Designable.swift */; };
		C090AC4824188ADF00DE6F09 /* Bundle+BuildVersion.swift in Sources */ = {isa = PBXBuildFile; fileRef = C090AC0F24188ADF00DE6F09 /* Bundle+BuildVersion.swift */; };
		C090AC4924188ADF00DE6F09 /* UIViewController+Swizzling.m in Sources */ = {isa = PBXBuildFile; fileRef = C090AC1024188ADF00DE6F09 /* UIViewController+Swizzling.m */; };
		C090AC4E24188ADF00DE6F09 /* UIViewController+Popup.swift in Sources */ = {isa = PBXBuildFile; fileRef = C090AC1524188ADF00DE6F09 /* UIViewController+Popup.swift */; };
		C090AC4F24188ADF00DE6F09 /* UIImage+Color.swift in Sources */ = {isa = PBXBuildFile; fileRef = C090AC1624188ADF00DE6F09 /* UIImage+Color.swift */; };
		C090AC5024188ADF00DE6F09 /* Data+HexString.swift in Sources */ = {isa = PBXBuildFile; fileRef = C090AC1724188ADF00DE6F09 /* Data+HexString.swift */; };
		C090AC5124188ADF00DE6F09 /* Dictionary+.swift in Sources */ = {isa = PBXBuildFile; fileRef = C090AC1824188ADF00DE6F09 /* Dictionary+.swift */; };
		C090AC5624188ADF00DE6F09 /* UIViewController+Loading.swift in Sources */ = {isa = PBXBuildFile; fileRef = C090AC1E24188ADF00DE6F09 /* UIViewController+Loading.swift */; };
		C090AC5724188ADF00DE6F09 /* Storyboard+.swift in Sources */ = {isa = PBXBuildFile; fileRef = C090AC1F24188ADF00DE6F09 /* Storyboard+.swift */; };
		C090AC5824188ADF00DE6F09 /* UITableView+Register.swift in Sources */ = {isa = PBXBuildFile; fileRef = C090AC2024188ADF00DE6F09 /* UITableView+Register.swift */; };
		C090AC5924188ADF00DE6F09 /* UINavigationController+StatusBar.swift in Sources */ = {isa = PBXBuildFile; fileRef = C090AC2124188ADF00DE6F09 /* UINavigationController+StatusBar.swift */; };
		C090AC5A24188ADF00DE6F09 /* UIView+Register.swift in Sources */ = {isa = PBXBuildFile; fileRef = C090AC2224188ADF00DE6F09 /* UIView+Register.swift */; };
		C090AC5B24188ADF00DE6F09 /* ListProductViewController.swift in Sources */ = {isa = PBXBuildFile; fileRef = C090AC2624188ADF00DE6F09 /* ListProductViewController.swift */; };
		C090AC5D24188C9D00DE6F09 /* Teko.swift in Sources */ = {isa = PBXBuildFile; fileRef = C090AC5C24188C9D00DE6F09 /* Teko.swift */; };
		C090AC5F2418924C00DE6F09 /* TekoService.swift in Sources */ = {isa = PBXBuildFile; fileRef = C090AC5E2418924C00DE6F09 /* TekoService.swift */; };
		C090AC61241892FF00DE6F09 /* ProductListService.swift in Sources */ = {isa = PBXBuildFile; fileRef = C090AC60241892FF00DE6F09 /* ProductListService.swift */; };
		C090AC632418932300DE6F09 /* ProductDetailService.swift in Sources */ = {isa = PBXBuildFile; fileRef = C090AC622418932300DE6F09 /* ProductDetailService.swift */; };
/* End PBXBuildFile section */

/* Begin PBXContainerItemProxy section */
		C090ABDA24187BBF00DE6F09 /* PBXContainerItemProxy */ = {
			isa = PBXContainerItemProxy;
			containerPortal = C090ABBB24187BBD00DE6F09 /* Project object */;
			proxyType = 1;
			remoteGlobalIDString = C090ABC224187BBE00DE6F09;
			remoteInfo = TekoStudy;
		};
/* End PBXContainerItemProxy section */

/* Begin PBXFileReference section */
		126E002DD2227FED439AFD67 /* Pods-TekoStudyTests.debug.xcconfig */ = {isa = PBXFileReference; includeInIndex = 1; lastKnownFileType = text.xcconfig; name = "Pods-TekoStudyTests.debug.xcconfig"; path = "Target Support Files/Pods-TekoStudyTests/Pods-TekoStudyTests.debug.xcconfig"; sourceTree = "<group>"; };
		2196545A2A43ABCF95A253D8 /* Pods_TekoStudy.framework */ = {isa = PBXFileReference; explicitFileType = wrapper.framework; includeInIndex = 0; path = Pods_TekoStudy.framework; sourceTree = BUILT_PRODUCTS_DIR; };
		456A9D582F3A23378483A5D4 /* Pods-TekoStudy.debug.xcconfig */ = {isa = PBXFileReference; includeInIndex = 1; lastKnownFileType = text.xcconfig; name = "Pods-TekoStudy.debug.xcconfig"; path = "Target Support Files/Pods-TekoStudy/Pods-TekoStudy.debug.xcconfig"; sourceTree = "<group>"; };
		73C37FBC0B8914E49575689C /* Pods_TekoStudyTests.framework */ = {isa = PBXFileReference; explicitFileType = wrapper.framework; includeInIndex = 0; path = Pods_TekoStudyTests.framework; sourceTree = BUILT_PRODUCTS_DIR; };
		BEE6D71C4C6872E3876C2E9B /* Pods-TekoStudyTests.release.xcconfig */ = {isa = PBXFileReference; includeInIndex = 1; lastKnownFileType = text.xcconfig; name = "Pods-TekoStudyTests.release.xcconfig"; path = "Target Support Files/Pods-TekoStudyTests/Pods-TekoStudyTests.release.xcconfig"; sourceTree = "<group>"; };
		C0467654241A981400D309C2 /* ProductDetailViewController.swift */ = {isa = PBXFileReference; lastKnownFileType = sourcecode.swift; path = ProductDetailViewController.swift; sourceTree = "<group>"; };
		C0478224241C8FEE002C6955 /* PaddingLabel.swift */ = {isa = PBXFileReference; lastKnownFileType = sourcecode.swift; path = PaddingLabel.swift; sourceTree = "<group>"; };
		C048BDA724191DAB00195656 /* Product.swift */ = {isa = PBXFileReference; lastKnownFileType = sourcecode.swift; path = Product.swift; sourceTree = "<group>"; };
		C048BDA92419295400195656 /* NibLoadableView.swift */ = {isa = PBXFileReference; fileEncoding = 4; lastKnownFileType = sourcecode.swift; path = NibLoadableView.swift; sourceTree = "<group>"; };
		C048BDAB2419298D00195656 /* ReusableView.swift */ = {isa = PBXFileReference; fileEncoding = 4; lastKnownFileType = sourcecode.swift; path = ReusableView.swift; sourceTree = "<group>"; };
		C0492F00241A29700066DAB3 /* ListProductCell.swift */ = {isa = PBXFileReference; lastKnownFileType = sourcecode.swift; path = ListProductCell.swift; sourceTree = "<group>"; };
		C0492F01241A29700066DAB3 /* ListProductCell.xib */ = {isa = PBXFileReference; lastKnownFileType = file.xib; path = ListProductCell.xib; sourceTree = "<group>"; };
		C0492F05241A39820066DAB3 /* CurrencyView.swift */ = {isa = PBXFileReference; lastKnownFileType = sourcecode.swift; path = CurrencyView.swift; sourceTree = "<group>"; };
		C0492F07241A39900066DAB3 /* CurrencyView.xib */ = {isa = PBXFileReference; lastKnownFileType = file.xib; path = CurrencyView.xib; sourceTree = "<group>"; };
		C0494EFB241CCCDE006381C5 /* DetailProductTitleView.swift */ = {isa = PBXFileReference; lastKnownFileType = sourcecode.swift; path = DetailProductTitleView.swift; sourceTree = "<group>"; };
		C0494EFD241CCCF3006381C5 /* DetailProductTitleView.xib */ = {isa = PBXFileReference; lastKnownFileType = file.xib; path = DetailProductTitleView.xib; sourceTree = "<group>"; };
		C0494EFF241CE12E006381C5 /* CartButton.swift */ = {isa = PBXFileReference; lastKnownFileType = sourcecode.swift; path = CartButton.swift; sourceTree = "<group>"; };
		C0494F01241CE15A006381C5 /* CartButton.xib */ = {isa = PBXFileReference; lastKnownFileType = file.xib; path = CartButton.xib; sourceTree = "<group>"; };
		C04C7777241BE1E3002B5704 /* MenuCell.swift */ = {isa = PBXFileReference; lastKnownFileType = sourcecode.swift; path = MenuCell.swift; sourceTree = "<group>"; };
		C04C777B241BE228002B5704 /* MenuCell.xib */ = {isa = PBXFileReference; lastKnownFileType = file.xib; path = MenuCell.xib; sourceTree = "<group>"; };
		C04C777D241BEA9D002B5704 /* InfoProductViewCell.swift */ = {isa = PBXFileReference; lastKnownFileType = sourcecode.swift; path = InfoProductViewCell.swift; sourceTree = "<group>"; };
		C04C777E241BEA9D002B5704 /* InfoProductViewCell.xib */ = {isa = PBXFileReference; lastKnownFileType = file.xib; path = InfoProductViewCell.xib; sourceTree = "<group>"; };
		C04C7781241BECDC002B5704 /* UICollectionView+Register.swift */ = {isa = PBXFileReference; fileEncoding = 4; lastKnownFileType = sourcecode.swift; path = "UICollectionView+Register.swift"; sourceTree = "<group>"; };
		C04C7783241BED07002B5704 /* ProductCollectionViewCell.swift */ = {isa = PBXFileReference; lastKnownFileType = sourcecode.swift; path = ProductCollectionViewCell.swift; sourceTree = "<group>"; };
		C04C7784241BED07002B5704 /* ProductCollectionViewCell.xib */ = {isa = PBXFileReference; lastKnownFileType = file.xib; path = ProductCollectionViewCell.xib; sourceTree = "<group>"; };
		C0790DCC241B2C1F0010B3AF /* StoryBoardHelper.swift */ = {isa = PBXFileReference; fileEncoding = 4; lastKnownFileType = sourcecode.swift; path = StoryBoardHelper.swift; sourceTree = "<group>"; };
		C090ABC324187BBE00DE6F09 /* TekoStudy.app */ = {isa = PBXFileReference; explicitFileType = wrapper.application; includeInIndex = 0; path = TekoStudy.app; sourceTree = BUILT_PRODUCTS_DIR; };
		C090ABC624187BBE00DE6F09 /* AppDelegate.swift */ = {isa = PBXFileReference; lastKnownFileType = sourcecode.swift; path = AppDelegate.swift; sourceTree = "<group>"; };
		C090ABCD24187BBE00DE6F09 /* Base */ = {isa = PBXFileReference; lastKnownFileType = file.storyboard; name = Base; path = Base.lproj/Main.storyboard; sourceTree = "<group>"; };
		C090ABCF24187BBF00DE6F09 /* Assets.xcassets */ = {isa = PBXFileReference; lastKnownFileType = folder.assetcatalog; path = Assets.xcassets; sourceTree = "<group>"; };
		C090ABD224187BBF00DE6F09 /* Base */ = {isa = PBXFileReference; lastKnownFileType = file.storyboard; name = Base; path = Base.lproj/LaunchScreen.storyboard; sourceTree = "<group>"; };
		C090ABD424187BBF00DE6F09 /* Info.plist */ = {isa = PBXFileReference; lastKnownFileType = text.plist.xml; path = Info.plist; sourceTree = "<group>"; };
		C090ABD924187BBF00DE6F09 /* TekoStudyTests.xctest */ = {isa = PBXFileReference; explicitFileType = wrapper.cfbundle; includeInIndex = 0; path = TekoStudyTests.xctest; sourceTree = BUILT_PRODUCTS_DIR; };
		C090ABDD24187BBF00DE6F09 /* TekoStudyTests.swift */ = {isa = PBXFileReference; lastKnownFileType = sourcecode.swift; path = TekoStudyTests.swift; sourceTree = "<group>"; };
		C090ABDF24187BBF00DE6F09 /* Info.plist */ = {isa = PBXFileReference; lastKnownFileType = text.plist.xml; path = Info.plist; sourceTree = "<group>"; };
		C090ABEB24188ADE00DE6F09 /* Constants.swift */ = {isa = PBXFileReference; fileEncoding = 4; lastKnownFileType = sourcecode.swift; path = Constants.swift; sourceTree = "<group>"; };
		C090ABEC24188ADE00DE6F09 /* KeyboardManager.swift */ = {isa = PBXFileReference; fileEncoding = 4; lastKnownFileType = sourcecode.swift; path = KeyboardManager.swift; sourceTree = "<group>"; };
		C090ABED24188ADE00DE6F09 /* Delay.swift */ = {isa = PBXFileReference; fileEncoding = 4; lastKnownFileType = sourcecode.swift; path = Delay.swift; sourceTree = "<group>"; };
		C090ABF724188ADF00DE6F09 /* CodableResponse.swift */ = {isa = PBXFileReference; fileEncoding = 4; lastKnownFileType = sourcecode.swift; path = CodableResponse.swift; sourceTree = "<group>"; };
		C090ABF824188ADF00DE6F09 /* TekoError.swift */ = {isa = PBXFileReference; fileEncoding = 4; lastKnownFileType = sourcecode.swift; path = TekoError.swift; sourceTree = "<group>"; };
		C090AC0624188ADF00DE6F09 /* CALayer+Shadow.swift */ = {isa = PBXFileReference; fileEncoding = 4; lastKnownFileType = sourcecode.swift; path = "CALayer+Shadow.swift"; sourceTree = "<group>"; };
		C090AC0724188ADF00DE6F09 /* UITableView+ScrollToTop.swift */ = {isa = PBXFileReference; fileEncoding = 4; lastKnownFileType = sourcecode.swift; path = "UITableView+ScrollToTop.swift"; sourceTree = "<group>"; };
		C090AC0824188ADF00DE6F09 /* Int+Formatter.swift */ = {isa = PBXFileReference; fileEncoding = 4; lastKnownFileType = sourcecode.swift; path = "Int+Formatter.swift"; sourceTree = "<group>"; };
		C090AC0A24188ADF00DE6F09 /* UITabBar+Ext.swift */ = {isa = PBXFileReference; fileEncoding = 4; lastKnownFileType = sourcecode.swift; path = "UITabBar+Ext.swift"; sourceTree = "<group>"; };
		C090AC0C24188ADF00DE6F09 /* UIView+Designable.swift */ = {isa = PBXFileReference; fileEncoding = 4; lastKnownFileType = sourcecode.swift; path = "UIView+Designable.swift"; sourceTree = "<group>"; };
		C090AC0D24188ADF00DE6F09 /* UIWindow+Visible.swift */ = {isa = PBXFileReference; fileEncoding = 4; lastKnownFileType = sourcecode.swift; path = "UIWindow+Visible.swift"; sourceTree = "<group>"; };
		C090AC0E24188ADF00DE6F09 /* UIButton+Designable.swift */ = {isa = PBXFileReference; fileEncoding = 4; lastKnownFileType = sourcecode.swift; path = "UIButton+Designable.swift"; sourceTree = "<group>"; };
		C090AC0F24188ADF00DE6F09 /* Bundle+BuildVersion.swift */ = {isa = PBXFileReference; fileEncoding = 4; lastKnownFileType = sourcecode.swift; path = "Bundle+BuildVersion.swift"; sourceTree = "<group>"; };
		C090AC1024188ADF00DE6F09 /* UIViewController+Swizzling.m */ = {isa = PBXFileReference; fileEncoding = 4; lastKnownFileType = sourcecode.c.objc; path = "UIViewController+Swizzling.m"; sourceTree = "<group>"; };
		C090AC1524188ADF00DE6F09 /* UIViewController+Popup.swift */ = {isa = PBXFileReference; fileEncoding = 4; lastKnownFileType = sourcecode.swift; path = "UIViewController+Popup.swift"; sourceTree = "<group>"; };
		C090AC1624188ADF00DE6F09 /* UIImage+Color.swift */ = {isa = PBXFileReference; fileEncoding = 4; lastKnownFileType = sourcecode.swift; path = "UIImage+Color.swift"; sourceTree = "<group>"; };
		C090AC1724188ADF00DE6F09 /* Data+HexString.swift */ = {isa = PBXFileReference; fileEncoding = 4; lastKnownFileType = sourcecode.swift; path = "Data+HexString.swift"; sourceTree = "<group>"; };
		C090AC1824188ADF00DE6F09 /* Dictionary+.swift */ = {isa = PBXFileReference; fileEncoding = 4; lastKnownFileType = sourcecode.swift; path = "Dictionary+.swift"; sourceTree = "<group>"; };
		C090AC1B24188ADF00DE6F09 /* UIViewController+Swizzling.h */ = {isa = PBXFileReference; fileEncoding = 4; lastKnownFileType = sourcecode.c.h; path = "UIViewController+Swizzling.h"; sourceTree = "<group>"; };
		C090AC1E24188ADF00DE6F09 /* UIViewController+Loading.swift */ = {isa = PBXFileReference; fileEncoding = 4; lastKnownFileType = sourcecode.swift; path = "UIViewController+Loading.swift"; sourceTree = "<group>"; };
		C090AC1F24188ADF00DE6F09 /* Storyboard+.swift */ = {isa = PBXFileReference; fileEncoding = 4; lastKnownFileType = sourcecode.swift; path = "Storyboard+.swift"; sourceTree = "<group>"; };
		C090AC2024188ADF00DE6F09 /* UITableView+Register.swift */ = {isa = PBXFileReference; fileEncoding = 4; lastKnownFileType = sourcecode.swift; path = "UITableView+Register.swift"; sourceTree = "<group>"; };
		C090AC2124188ADF00DE6F09 /* UINavigationController+StatusBar.swift */ = {isa = PBXFileReference; fileEncoding = 4; lastKnownFileType = sourcecode.swift; path = "UINavigationController+StatusBar.swift"; sourceTree = "<group>"; };
		C090AC2224188ADF00DE6F09 /* UIView+Register.swift */ = {isa = PBXFileReference; fileEncoding = 4; lastKnownFileType = sourcecode.swift; path = "UIView+Register.swift"; sourceTree = "<group>"; };
		C090AC2624188ADF00DE6F09 /* ListProductViewController.swift */ = {isa = PBXFileReference; fileEncoding = 4; lastKnownFileType = sourcecode.swift; path = ListProductViewController.swift; sourceTree = "<group>"; };
		C090AC5C24188C9D00DE6F09 /* Teko.swift */ = {isa = PBXFileReference; lastKnownFileType = sourcecode.swift; path = Teko.swift; sourceTree = "<group>"; };
		C090AC5E2418924C00DE6F09 /* TekoService.swift */ = {isa = PBXFileReference; lastKnownFileType = sourcecode.swift; path = TekoService.swift; sourceTree = "<group>"; };
		C090AC60241892FF00DE6F09 /* ProductListService.swift */ = {isa = PBXFileReference; lastKnownFileType = sourcecode.swift; path = ProductListService.swift; sourceTree = "<group>"; };
		C090AC622418932300DE6F09 /* ProductDetailService.swift */ = {isa = PBXFileReference; lastKnownFileType = sourcecode.swift; path = ProductDetailService.swift; sourceTree = "<group>"; };
		D1C6B7C030334A64C05E7548 /* Pods-TekoStudy.release.xcconfig */ = {isa = PBXFileReference; includeInIndex = 1; lastKnownFileType = text.xcconfig; name = "Pods-TekoStudy.release.xcconfig"; path = "Target Support Files/Pods-TekoStudy/Pods-TekoStudy.release.xcconfig"; sourceTree = "<group>"; };
/* End PBXFileReference section */

/* Begin PBXFrameworksBuildPhase section */
		C090ABC024187BBE00DE6F09 /* Frameworks */ = {
			isa = PBXFrameworksBuildPhase;
			buildActionMask = 2147483647;
			files = (
				94D7F5470BC8A065EC4560E4 /* Pods_TekoStudy.framework in Frameworks */,
			);
			runOnlyForDeploymentPostprocessing = 0;
		};
		C090ABD624187BBF00DE6F09 /* Frameworks */ = {
			isa = PBXFrameworksBuildPhase;
			buildActionMask = 2147483647;
			files = (
				4F28C7D1EA987BF7A66851DD /* Pods_TekoStudyTests.framework in Frameworks */,
			);
			runOnlyForDeploymentPostprocessing = 0;
		};
/* End PBXFrameworksBuildPhase section */

/* Begin PBXGroup section */
		11CE46CEDC261F556CAC1499 /* Pods */ = {
			isa = PBXGroup;
			children = (
				456A9D582F3A23378483A5D4 /* Pods-TekoStudy.debug.xcconfig */,
				D1C6B7C030334A64C05E7548 /* Pods-TekoStudy.release.xcconfig */,
				126E002DD2227FED439AFD67 /* Pods-TekoStudyTests.debug.xcconfig */,
				BEE6D71C4C6872E3876C2E9B /* Pods-TekoStudyTests.release.xcconfig */,
			);
			path = Pods;
			sourceTree = "<group>";
		};
		C0492F04241A39510066DAB3 /* GenericUI */ = {
			isa = PBXGroup;
			children = (
				C0492F05241A39820066DAB3 /* CurrencyView.swift */,
				C0492F07241A39900066DAB3 /* CurrencyView.xib */,
				C0478224241C8FEE002C6955 /* PaddingLabel.swift */,
				C0494EFB241CCCDE006381C5 /* DetailProductTitleView.swift */,
				C0494EFD241CCCF3006381C5 /* DetailProductTitleView.xib */,
				C0494EFF241CE12E006381C5 /* CartButton.swift */,
				C0494F01241CE15A006381C5 /* CartButton.xib */,
			);
			path = GenericUI;
			sourceTree = "<group>";
		};
		C090ABBA24187BBD00DE6F09 = {
			isa = PBXGroup;
			children = (
				C090ABC524187BBE00DE6F09 /* TekoStudy */,
				C090ABDC24187BBF00DE6F09 /* TekoStudyTests */,
				C090ABC424187BBE00DE6F09 /* Products */,
				11CE46CEDC261F556CAC1499 /* Pods */,
				D08B2DE6760955F4EF33A5F3 /* Frameworks */,
			);
			sourceTree = "<group>";
		};
		C090ABC424187BBE00DE6F09 /* Products */ = {
			isa = PBXGroup;
			children = (
				C090ABC324187BBE00DE6F09 /* TekoStudy.app */,
				C090ABD924187BBF00DE6F09 /* TekoStudyTests.xctest */,
			);
			name = Products;
			sourceTree = "<group>";
		};
		C090ABC524187BBE00DE6F09 /* TekoStudy */ = {
			isa = PBXGroup;
			children = (
				C090ABC624187BBE00DE6F09 /* AppDelegate.swift */,
				C090AC2524188ADF00DE6F09 /* Controllers */,
				C090AC0524188ADF00DE6F09 /* Extensions */,
				C090AC2424188ADF00DE6F09 /* Models */,
				C090ABF324188ADE00DE6F09 /* Network */,
				C090ABF924188ADF00DE6F09 /* Services */,
				C090ABEA24188ADE00DE6F09 /* Utilities */,
				C090AC2324188ADF00DE6F09 /* Views */,
				C090ABCC24187BBE00DE6F09 /* Main.storyboard */,
				C090ABCF24187BBF00DE6F09 /* Assets.xcassets */,
				C090ABD124187BBF00DE6F09 /* LaunchScreen.storyboard */,
				C090ABD424187BBF00DE6F09 /* Info.plist */,
			);
			path = TekoStudy;
			sourceTree = "<group>";
		};
		C090ABDC24187BBF00DE6F09 /* TekoStudyTests */ = {
			isa = PBXGroup;
			children = (
				C090ABDD24187BBF00DE6F09 /* TekoStudyTests.swift */,
				C090ABDF24187BBF00DE6F09 /* Info.plist */,
			);
			path = TekoStudyTests;
			sourceTree = "<group>";
		};
		C090ABEA24188ADE00DE6F09 /* Utilities */ = {
			isa = PBXGroup;
			children = (
				C0790DCC241B2C1F0010B3AF /* StoryBoardHelper.swift */,
				C048BDAB2419298D00195656 /* ReusableView.swift */,
				C048BDA92419295400195656 /* NibLoadableView.swift */,
				C090ABEB24188ADE00DE6F09 /* Constants.swift */,
				C090ABEC24188ADE00DE6F09 /* KeyboardManager.swift */,
				C090ABED24188ADE00DE6F09 /* Delay.swift */,
			);
			path = Utilities;
			sourceTree = "<group>";
		};
		C090ABF324188ADE00DE6F09 /* Network */ = {
			isa = PBXGroup;
			children = (
				C090ABF724188ADF00DE6F09 /* CodableResponse.swift */,
				C090ABF824188ADF00DE6F09 /* TekoError.swift */,
				C090AC5C24188C9D00DE6F09 /* Teko.swift */,
			);
			path = Network;
			sourceTree = "<group>";
		};
		C090ABF924188ADF00DE6F09 /* Services */ = {
			isa = PBXGroup;
			children = (
				C090AC5E2418924C00DE6F09 /* TekoService.swift */,
				C090AC60241892FF00DE6F09 /* ProductListService.swift */,
				C090AC622418932300DE6F09 /* ProductDetailService.swift */,
			);
			path = Services;
			sourceTree = "<group>";
		};
		C090AC0524188ADF00DE6F09 /* Extensions */ = {
			isa = PBXGroup;
			children = (
				C090AC0624188ADF00DE6F09 /* CALayer+Shadow.swift */,
				C090AC0724188ADF00DE6F09 /* UITableView+ScrollToTop.swift */,
				C04C7781241BECDC002B5704 /* UICollectionView+Register.swift */,
				C090AC0824188ADF00DE6F09 /* Int+Formatter.swift */,
				C090AC0A24188ADF00DE6F09 /* UITabBar+Ext.swift */,
				C090AC0C24188ADF00DE6F09 /* UIView+Designable.swift */,
				C090AC0D24188ADF00DE6F09 /* UIWindow+Visible.swift */,
				C090AC0E24188ADF00DE6F09 /* UIButton+Designable.swift */,
				C090AC0F24188ADF00DE6F09 /* Bundle+BuildVersion.swift */,
				C090AC1024188ADF00DE6F09 /* UIViewController+Swizzling.m */,
				C090AC1524188ADF00DE6F09 /* UIViewController+Popup.swift */,
				C090AC1624188ADF00DE6F09 /* UIImage+Color.swift */,
				C090AC1724188ADF00DE6F09 /* Data+HexString.swift */,
				C090AC1824188ADF00DE6F09 /* Dictionary+.swift */,
				C090AC1B24188ADF00DE6F09 /* UIViewController+Swizzling.h */,
				C090AC1E24188ADF00DE6F09 /* UIViewController+Loading.swift */,
				C090AC1F24188ADF00DE6F09 /* Storyboard+.swift */,
				C090AC2024188ADF00DE6F09 /* UITableView+Register.swift */,
				C090AC2124188ADF00DE6F09 /* UINavigationController+StatusBar.swift */,
				C090AC2224188ADF00DE6F09 /* UIView+Register.swift */,
			);
			path = Extensions;
			sourceTree = "<group>";
		};
		C090AC2324188ADF00DE6F09 /* Views */ = {
			isa = PBXGroup;
			children = (
				C0492F04241A39510066DAB3 /* GenericUI */,
				C0492F00241A29700066DAB3 /* ListProductCell.swift */,
				C0492F01241A29700066DAB3 /* ListProductCell.xib */,
				C04C7777241BE1E3002B5704 /* MenuCell.swift */,
				C04C777B241BE228002B5704 /* MenuCell.xib */,
				C04C777D241BEA9D002B5704 /* InfoProductViewCell.swift */,
				C04C777E241BEA9D002B5704 /* InfoProductViewCell.xib */,
				C04C7783241BED07002B5704 /* ProductCollectionViewCell.swift */,
				C04C7784241BED07002B5704 /* ProductCollectionViewCell.xib */,
			);
			path = Views;
			sourceTree = "<group>";
		};
		C090AC2424188ADF00DE6F09 /* Models */ = {
			isa = PBXGroup;
			children = (
				C048BDA724191DAB00195656 /* Product.swift */,
			);
			path = Models;
			sourceTree = "<group>";
		};
		C090AC2524188ADF00DE6F09 /* Controllers */ = {
			isa = PBXGroup;
			children = (
				C090AC2624188ADF00DE6F09 /* ListProductViewController.swift */,
				C0467654241A981400D309C2 /* ProductDetailViewController.swift */,
			);
			path = Controllers;
			sourceTree = "<group>";
		};
		D08B2DE6760955F4EF33A5F3 /* Frameworks */ = {
			isa = PBXGroup;
			children = (
				2196545A2A43ABCF95A253D8 /* Pods_TekoStudy.framework */,
				73C37FBC0B8914E49575689C /* Pods_TekoStudyTests.framework */,
			);
			name = Frameworks;
			sourceTree = "<group>";
		};
/* End PBXGroup section */

/* Begin PBXNativeTarget section */
		C090ABC224187BBE00DE6F09 /* TekoStudy */ = {
			isa = PBXNativeTarget;
			buildConfigurationList = C090ABE224187BBF00DE6F09 /* Build configuration list for PBXNativeTarget "TekoStudy" */;
			buildPhases = (
				D49DEA50C9EE264FFB0E8850 /* [CP] Check Pods Manifest.lock */,
				C090ABBF24187BBE00DE6F09 /* Sources */,
				C090ABC024187BBE00DE6F09 /* Frameworks */,
				C090ABC124187BBE00DE6F09 /* Resources */,
				994F3F0656B79FD14813BAEA /* [CP] Embed Pods Frameworks */,
			);
			buildRules = (
			);
			dependencies = (
			);
			name = TekoStudy;
			productName = TekoStudy;
			productReference = C090ABC324187BBE00DE6F09 /* TekoStudy.app */;
			productType = "com.apple.product-type.application";
		};
		C090ABD824187BBF00DE6F09 /* TekoStudyTests */ = {
			isa = PBXNativeTarget;
			buildConfigurationList = C090ABE524187BBF00DE6F09 /* Build configuration list for PBXNativeTarget "TekoStudyTests" */;
			buildPhases = (
				252D3D9D0404BE5D6276FC28 /* [CP] Check Pods Manifest.lock */,
				C090ABD524187BBF00DE6F09 /* Sources */,
				C090ABD624187BBF00DE6F09 /* Frameworks */,
				C090ABD724187BBF00DE6F09 /* Resources */,
			);
			buildRules = (
			);
			dependencies = (
				C090ABDB24187BBF00DE6F09 /* PBXTargetDependency */,
			);
			name = TekoStudyTests;
			productName = TekoStudyTests;
			productReference = C090ABD924187BBF00DE6F09 /* TekoStudyTests.xctest */;
			productType = "com.apple.product-type.bundle.unit-test";
		};
/* End PBXNativeTarget section */

/* Begin PBXProject section */
		C090ABBB24187BBD00DE6F09 /* Project object */ = {
			isa = PBXProject;
			attributes = {
				LastSwiftUpdateCheck = 1130;
				LastUpgradeCheck = 1130;
				ORGANIZATIONNAME = "Luong Nguyen";
				TargetAttributes = {
					C090ABC224187BBE00DE6F09 = {
						CreatedOnToolsVersion = 11.3.1;
					};
					C090ABD824187BBF00DE6F09 = {
						CreatedOnToolsVersion = 11.3.1;
						TestTargetID = C090ABC224187BBE00DE6F09;
					};
				};
			};
			buildConfigurationList = C090ABBE24187BBD00DE6F09 /* Build configuration list for PBXProject "TekoStudy" */;
			compatibilityVersion = "Xcode 9.3";
			developmentRegion = en;
			hasScannedForEncodings = 0;
			knownRegions = (
				en,
				Base,
			);
			mainGroup = C090ABBA24187BBD00DE6F09;
			productRefGroup = C090ABC424187BBE00DE6F09 /* Products */;
			projectDirPath = "";
			projectRoot = "";
			targets = (
				C090ABC224187BBE00DE6F09 /* TekoStudy */,
				C090ABD824187BBF00DE6F09 /* TekoStudyTests */,
			);
		};
/* End PBXProject section */

/* Begin PBXResourcesBuildPhase section */
		C090ABC124187BBE00DE6F09 /* Resources */ = {
			isa = PBXResourcesBuildPhase;
			buildActionMask = 2147483647;
			files = (
				C04C777C241BE228002B5704 /* MenuCell.xib in Resources */,
				C04C7780241BEA9D002B5704 /* InfoProductViewCell.xib in Resources */,
				C0494EFE241CCCF3006381C5 /* DetailProductTitleView.xib in Resources */,
				C090ABD324187BBF00DE6F09 /* LaunchScreen.storyboard in Resources */,
				C0492F03241A29700066DAB3 /* ListProductCell.xib in Resources */,
				C0494F02241CE15A006381C5 /* CartButton.xib in Resources */,
				C090ABD024187BBF00DE6F09 /* Assets.xcassets in Resources */,
				C090ABCE24187BBE00DE6F09 /* Main.storyboard in Resources */,
				C04C7786241BED07002B5704 /* ProductCollectionViewCell.xib in Resources */,
				C0492F08241A39900066DAB3 /* CurrencyView.xib in Resources */,
			);
			runOnlyForDeploymentPostprocessing = 0;
		};
		C090ABD724187BBF00DE6F09 /* Resources */ = {
			isa = PBXResourcesBuildPhase;
			buildActionMask = 2147483647;
			files = (
			);
			runOnlyForDeploymentPostprocessing = 0;
		};
/* End PBXResourcesBuildPhase section */

/* Begin PBXShellScriptBuildPhase section */
		252D3D9D0404BE5D6276FC28 /* [CP] Check Pods Manifest.lock */ = {
			isa = PBXShellScriptBuildPhase;
			buildActionMask = 2147483647;
			files = (
			);
			inputFileListPaths = (
			);
			inputPaths = (
				"${PODS_PODFILE_DIR_PATH}/Podfile.lock",
				"${PODS_ROOT}/Manifest.lock",
			);
			name = "[CP] Check Pods Manifest.lock";
			outputFileListPaths = (
			);
			outputPaths = (
				"$(DERIVED_FILE_DIR)/Pods-TekoStudyTests-checkManifestLockResult.txt",
			);
			runOnlyForDeploymentPostprocessing = 0;
			shellPath = /bin/sh;
			shellScript = "diff \"${PODS_PODFILE_DIR_PATH}/Podfile.lock\" \"${PODS_ROOT}/Manifest.lock\" > /dev/null\nif [ $? != 0 ] ; then\n    # print error to STDERR\n    echo \"error: The sandbox is not in sync with the Podfile.lock. Run 'pod install' or update your CocoaPods installation.\" >&2\n    exit 1\nfi\n# This output is used by Xcode 'outputs' to avoid re-running this script phase.\necho \"SUCCESS\" > \"${SCRIPT_OUTPUT_FILE_0}\"\n";
			showEnvVarsInLog = 0;
		};
		994F3F0656B79FD14813BAEA /* [CP] Embed Pods Frameworks */ = {
			isa = PBXShellScriptBuildPhase;
			buildActionMask = 2147483647;
			files = (
			);
			inputFileListPaths = (
				"${PODS_ROOT}/Target Support Files/Pods-TekoStudy/Pods-TekoStudy-frameworks-${CONFIGURATION}-input-files.xcfilelist",
			);
			name = "[CP] Embed Pods Frameworks";
			outputFileListPaths = (
				"${PODS_ROOT}/Target Support Files/Pods-TekoStudy/Pods-TekoStudy-frameworks-${CONFIGURATION}-output-files.xcfilelist",
			);
			runOnlyForDeploymentPostprocessing = 0;
			shellPath = /bin/sh;
			shellScript = "\"${PODS_ROOT}/Target Support Files/Pods-TekoStudy/Pods-TekoStudy-frameworks.sh\"\n";
			showEnvVarsInLog = 0;
		};
		D49DEA50C9EE264FFB0E8850 /* [CP] Check Pods Manifest.lock */ = {
			isa = PBXShellScriptBuildPhase;
			buildActionMask = 2147483647;
			files = (
			);
			inputFileListPaths = (
			);
			inputPaths = (
				"${PODS_PODFILE_DIR_PATH}/Podfile.lock",
				"${PODS_ROOT}/Manifest.lock",
			);
			name = "[CP] Check Pods Manifest.lock";
			outputFileListPaths = (
			);
			outputPaths = (
				"$(DERIVED_FILE_DIR)/Pods-TekoStudy-checkManifestLockResult.txt",
			);
			runOnlyForDeploymentPostprocessing = 0;
			shellPath = /bin/sh;
			shellScript = "diff \"${PODS_PODFILE_DIR_PATH}/Podfile.lock\" \"${PODS_ROOT}/Manifest.lock\" > /dev/null\nif [ $? != 0 ] ; then\n    # print error to STDERR\n    echo \"error: The sandbox is not in sync with the Podfile.lock. Run 'pod install' or update your CocoaPods installation.\" >&2\n    exit 1\nfi\n# This output is used by Xcode 'outputs' to avoid re-running this script phase.\necho \"SUCCESS\" > \"${SCRIPT_OUTPUT_FILE_0}\"\n";
			showEnvVarsInLog = 0;
		};
/* End PBXShellScriptBuildPhase section */

/* Begin PBXSourcesBuildPhase section */
		C090ABBF24187BBE00DE6F09 /* Sources */ = {
			isa = PBXSourcesBuildPhase;
			buildActionMask = 2147483647;
			files = (
				C090AC5B24188ADF00DE6F09 /* ListProductViewController.swift in Sources */,
				C090ABC724187BBE00DE6F09 /* AppDelegate.swift in Sources */,
				C0494F00241CE12E006381C5 /* CartButton.swift in Sources */,
				C0494EFC241CCCDE006381C5 /* DetailProductTitleView.swift in Sources */,
				C04C7785241BED07002B5704 /* ProductCollectionViewCell.swift in Sources */,
				C04C7782241BECDC002B5704 /* UICollectionView+Register.swift in Sources */,
				C0467655241A981400D309C2 /* ProductDetailViewController.swift in Sources */,
				C090AC4524188ADF00DE6F09 /* UIView+Designable.swift in Sources */,
				C0492F06241A39820066DAB3 /* CurrencyView.swift in Sources */,
				C090AC4F24188ADF00DE6F09 /* UIImage+Color.swift in Sources */,
				C0790DCD241B2C1F0010B3AF /* StoryBoardHelper.swift in Sources */,
				C090AC5924188ADF00DE6F09 /* UINavigationController+StatusBar.swift in Sources */,
				C090AC2924188ADF00DE6F09 /* Delay.swift in Sources */,
				C090AC5F2418924C00DE6F09 /* TekoService.swift in Sources */,
				C090AC5A24188ADF00DE6F09 /* UIView+Register.swift in Sources */,
				C090AC632418932300DE6F09 /* ProductDetailService.swift in Sources */,
				C090AC4024188ADF00DE6F09 /* UITableView+ScrollToTop.swift in Sources */,
				C090AC2724188ADF00DE6F09 /* Constants.swift in Sources */,
				C04C777F241BEA9D002B5704 /* InfoProductViewCell.swift in Sources */,
				C0492F02241A29700066DAB3 /* ListProductCell.swift in Sources */,
				C090AC61241892FF00DE6F09 /* ProductListService.swift in Sources */,
				C090AC4624188ADF00DE6F09 /* UIWindow+Visible.swift in Sources */,
				C090AC4124188ADF00DE6F09 /* Int+Formatter.swift in Sources */,
				C048BDA824191DAB00195656 /* Product.swift in Sources */,
				C04C7778241BE1E3002B5704 /* MenuCell.swift in Sources */,
				C048BDAC2419298E00195656 /* ReusableView.swift in Sources */,
				C090AC4924188ADF00DE6F09 /* UIViewController+Swizzling.m in Sources */,
				C090AC3324188ADF00DE6F09 /* TekoError.swift in Sources */,
				C090AC4324188ADF00DE6F09 /* UITabBar+Ext.swift in Sources */,
				C090AC2824188ADF00DE6F09 /* KeyboardManager.swift in Sources */,
				C090AC4824188ADF00DE6F09 /* Bundle+BuildVersion.swift in Sources */,
				C0478225241C8FEE002C6955 /* PaddingLabel.swift in Sources */,
				C090AC5624188ADF00DE6F09 /* UIViewController+Loading.swift in Sources */,
				C090AC3F24188ADF00DE6F09 /* CALayer+Shadow.swift in Sources */,
				C090AC5024188ADF00DE6F09 /* Data+HexString.swift in Sources */,
				C090AC3224188ADF00DE6F09 /* CodableResponse.swift in Sources */,
				C048BDAA2419295400195656 /* NibLoadableView.swift in Sources */,
				C090AC5D24188C9D00DE6F09 /* Teko.swift in Sources */,
				C090AC5124188ADF00DE6F09 /* Dictionary+.swift in Sources */,
				C090AC5824188ADF00DE6F09 /* UITableView+Register.swift in Sources */,
				C090AC4724188ADF00DE6F09 /* UIButton+Designable.swift in Sources */,
				C090AC5724188ADF00DE6F09 /* Storyboard+.swift in Sources */,
				C090AC4E24188ADF00DE6F09 /* UIViewController+Popup.swift in Sources */,
			);
			runOnlyForDeploymentPostprocessing = 0;
		};
		C090ABD524187BBF00DE6F09 /* Sources */ = {
			isa = PBXSourcesBuildPhase;
			buildActionMask = 2147483647;
			files = (
				C090ABDE24187BBF00DE6F09 /* TekoStudyTests.swift in Sources */,
			);
			runOnlyForDeploymentPostprocessing = 0;
		};
/* End PBXSourcesBuildPhase section */

/* Begin PBXTargetDependency section */
		C090ABDB24187BBF00DE6F09 /* PBXTargetDependency */ = {
			isa = PBXTargetDependency;
			target = C090ABC224187BBE00DE6F09 /* TekoStudy */;
			targetProxy = C090ABDA24187BBF00DE6F09 /* PBXContainerItemProxy */;
		};
/* End PBXTargetDependency section */

/* Begin PBXVariantGroup section */
		C090ABCC24187BBE00DE6F09 /* Main.storyboard */ = {
			isa = PBXVariantGroup;
			children = (
				C090ABCD24187BBE00DE6F09 /* Base */,
			);
			name = Main.storyboard;
			sourceTree = "<group>";
		};
		C090ABD124187BBF00DE6F09 /* LaunchScreen.storyboard */ = {
			isa = PBXVariantGroup;
			children = (
				C090ABD224187BBF00DE6F09 /* Base */,
			);
			name = LaunchScreen.storyboard;
			sourceTree = "<group>";
		};
/* End PBXVariantGroup section */

/* Begin XCBuildConfiguration section */
		C090ABE024187BBF00DE6F09 /* Debug */ = {
			isa = XCBuildConfiguration;
			buildSettings = {
				ALWAYS_SEARCH_USER_PATHS = NO;
				CLANG_ANALYZER_NONNULL = YES;
				CLANG_ANALYZER_NUMBER_OBJECT_CONVERSION = YES_AGGRESSIVE;
				CLANG_CXX_LANGUAGE_STANDARD = "gnu++14";
				CLANG_CXX_LIBRARY = "libc++";
				CLANG_ENABLE_MODULES = YES;
				CLANG_ENABLE_OBJC_ARC = YES;
				CLANG_ENABLE_OBJC_WEAK = YES;
				CLANG_WARN_BLOCK_CAPTURE_AUTORELEASING = YES;
				CLANG_WARN_BOOL_CONVERSION = YES;
				CLANG_WARN_COMMA = YES;
				CLANG_WARN_CONSTANT_CONVERSION = YES;
				CLANG_WARN_DEPRECATED_OBJC_IMPLEMENTATIONS = YES;
				CLANG_WARN_DIRECT_OBJC_ISA_USAGE = YES_ERROR;
				CLANG_WARN_DOCUMENTATION_COMMENTS = YES;
				CLANG_WARN_EMPTY_BODY = YES;
				CLANG_WARN_ENUM_CONVERSION = YES;
				CLANG_WARN_INFINITE_RECURSION = YES;
				CLANG_WARN_INT_CONVERSION = YES;
				CLANG_WARN_NON_LITERAL_NULL_CONVERSION = YES;
				CLANG_WARN_OBJC_IMPLICIT_RETAIN_SELF = YES;
				CLANG_WARN_OBJC_LITERAL_CONVERSION = YES;
				CLANG_WARN_OBJC_ROOT_CLASS = YES_ERROR;
				CLANG_WARN_RANGE_LOOP_ANALYSIS = YES;
				CLANG_WARN_STRICT_PROTOTYPES = YES;
				CLANG_WARN_SUSPICIOUS_MOVE = YES;
				CLANG_WARN_UNGUARDED_AVAILABILITY = YES_AGGRESSIVE;
				CLANG_WARN_UNREACHABLE_CODE = YES;
				CLANG_WARN__DUPLICATE_METHOD_MATCH = YES;
				COPY_PHASE_STRIP = NO;
				DEBUG_INFORMATION_FORMAT = dwarf;
				ENABLE_STRICT_OBJC_MSGSEND = YES;
				ENABLE_TESTABILITY = YES;
				GCC_C_LANGUAGE_STANDARD = gnu11;
				GCC_DYNAMIC_NO_PIC = NO;
				GCC_NO_COMMON_BLOCKS = YES;
				GCC_OPTIMIZATION_LEVEL = 0;
				GCC_PREPROCESSOR_DEFINITIONS = (
					"DEBUG=1",
					"$(inherited)",
				);
				GCC_WARN_64_TO_32_BIT_CONVERSION = YES;
				GCC_WARN_ABOUT_RETURN_TYPE = YES_ERROR;
				GCC_WARN_UNDECLARED_SELECTOR = YES;
				GCC_WARN_UNINITIALIZED_AUTOS = YES_AGGRESSIVE;
				GCC_WARN_UNUSED_FUNCTION = YES;
				GCC_WARN_UNUSED_VARIABLE = YES;
				IPHONEOS_DEPLOYMENT_TARGET = 13.2;
				MTL_ENABLE_DEBUG_INFO = INCLUDE_SOURCE;
				MTL_FAST_MATH = YES;
				ONLY_ACTIVE_ARCH = YES;
				SDKROOT = iphoneos;
				SWIFT_ACTIVE_COMPILATION_CONDITIONS = DEBUG;
				SWIFT_OPTIMIZATION_LEVEL = "-Onone";
			};
			name = Debug;
		};
		C090ABE124187BBF00DE6F09 /* Release */ = {
			isa = XCBuildConfiguration;
			buildSettings = {
				ALWAYS_SEARCH_USER_PATHS = NO;
				CLANG_ANALYZER_NONNULL = YES;
				CLANG_ANALYZER_NUMBER_OBJECT_CONVERSION = YES_AGGRESSIVE;
				CLANG_CXX_LANGUAGE_STANDARD = "gnu++14";
				CLANG_CXX_LIBRARY = "libc++";
				CLANG_ENABLE_MODULES = YES;
				CLANG_ENABLE_OBJC_ARC = YES;
				CLANG_ENABLE_OBJC_WEAK = YES;
				CLANG_WARN_BLOCK_CAPTURE_AUTORELEASING = YES;
				CLANG_WARN_BOOL_CONVERSION = YES;
				CLANG_WARN_COMMA = YES;
				CLANG_WARN_CONSTANT_CONVERSION = YES;
				CLANG_WARN_DEPRECATED_OBJC_IMPLEMENTATIONS = YES;
				CLANG_WARN_DIRECT_OBJC_ISA_USAGE = YES_ERROR;
				CLANG_WARN_DOCUMENTATION_COMMENTS = YES;
				CLANG_WARN_EMPTY_BODY = YES;
				CLANG_WARN_ENUM_CONVERSION = YES;
				CLANG_WARN_INFINITE_RECURSION = YES;
				CLANG_WARN_INT_CONVERSION = YES;
				CLANG_WARN_NON_LITERAL_NULL_CONVERSION = YES;
				CLANG_WARN_OBJC_IMPLICIT_RETAIN_SELF = YES;
				CLANG_WARN_OBJC_LITERAL_CONVERSION = YES;
				CLANG_WARN_OBJC_ROOT_CLASS = YES_ERROR;
				CLANG_WARN_RANGE_LOOP_ANALYSIS = YES;
				CLANG_WARN_STRICT_PROTOTYPES = YES;
				CLANG_WARN_SUSPICIOUS_MOVE = YES;
				CLANG_WARN_UNGUARDED_AVAILABILITY = YES_AGGRESSIVE;
				CLANG_WARN_UNREACHABLE_CODE = YES;
				CLANG_WARN__DUPLICATE_METHOD_MATCH = YES;
				COPY_PHASE_STRIP = NO;
				DEBUG_INFORMATION_FORMAT = "dwarf-with-dsym";
				ENABLE_NS_ASSERTIONS = NO;
				ENABLE_STRICT_OBJC_MSGSEND = YES;
				GCC_C_LANGUAGE_STANDARD = gnu11;
				GCC_NO_COMMON_BLOCKS = YES;
				GCC_WARN_64_TO_32_BIT_CONVERSION = YES;
				GCC_WARN_ABOUT_RETURN_TYPE = YES_ERROR;
				GCC_WARN_UNDECLARED_SELECTOR = YES;
				GCC_WARN_UNINITIALIZED_AUTOS = YES_AGGRESSIVE;
				GCC_WARN_UNUSED_FUNCTION = YES;
				GCC_WARN_UNUSED_VARIABLE = YES;
				IPHONEOS_DEPLOYMENT_TARGET = 13.2;
				MTL_ENABLE_DEBUG_INFO = NO;
				MTL_FAST_MATH = YES;
				SDKROOT = iphoneos;
				SWIFT_COMPILATION_MODE = wholemodule;
				SWIFT_OPTIMIZATION_LEVEL = "-O";
				VALIDATE_PRODUCT = YES;
			};
			name = Release;
		};
		C090ABE324187BBF00DE6F09 /* Debug */ = {
			isa = XCBuildConfiguration;
			baseConfigurationReference = 456A9D582F3A23378483A5D4 /* Pods-TekoStudy.debug.xcconfig */;
			buildSettings = {
				ASSETCATALOG_COMPILER_APPICON_NAME = AppIcon;
				CODE_SIGN_STYLE = Automatic;
				DEVELOPMENT_TEAM = CZUYSVG392;
				INFOPLIST_FILE = TekoStudy/Info.plist;
				IPHONEOS_DEPLOYMENT_TARGET = 11.0;
				LD_RUNPATH_SEARCH_PATHS = (
					"$(inherited)",
					"@executable_path/Frameworks",
				);
				PRODUCT_BUNDLE_IDENTIFIER = com.luongnn.TekoStudy;
				PRODUCT_NAME = "$(TARGET_NAME)";
				SWIFT_VERSION = 5.0;
				TARGETED_DEVICE_FAMILY = "1,2";
			};
			name = Debug;
		};
		C090ABE424187BBF00DE6F09 /* Release */ = {
			isa = XCBuildConfiguration;
			baseConfigurationReference = D1C6B7C030334A64C05E7548 /* Pods-TekoStudy.release.xcconfig */;
			buildSettings = {
				ASSETCATALOG_COMPILER_APPICON_NAME = AppIcon;
				CODE_SIGN_STYLE = Automatic;
				DEVELOPMENT_TEAM = CZUYSVG392;
				INFOPLIST_FILE = TekoStudy/Info.plist;
				IPHONEOS_DEPLOYMENT_TARGET = 11.0;
				LD_RUNPATH_SEARCH_PATHS = (
					"$(inherited)",
					"@executable_path/Frameworks",
				);
				PRODUCT_BUNDLE_IDENTIFIER = com.luongnn.TekoStudy;
				PRODUCT_NAME = "$(TARGET_NAME)";
				SWIFT_VERSION = 5.0;
				TARGETED_DEVICE_FAMILY = "1,2";
			};
			name = Release;
		};
		C090ABE624187BBF00DE6F09 /* Debug */ = {
			isa = XCBuildConfiguration;
			baseConfigurationReference = 126E002DD2227FED439AFD67 /* Pods-TekoStudyTests.debug.xcconfig */;
			buildSettings = {
				ALWAYS_EMBED_SWIFT_STANDARD_LIBRARIES = YES;
				BUNDLE_LOADER = "$(TEST_HOST)";
				CODE_SIGN_STYLE = Automatic;
				DEVELOPMENT_TEAM = CZUYSVG392;
				INFOPLIST_FILE = TekoStudyTests/Info.plist;
				IPHONEOS_DEPLOYMENT_TARGET = 13.2;
				LD_RUNPATH_SEARCH_PATHS = (
					"$(inherited)",
					"@executable_path/Frameworks",
					"@loader_path/Frameworks",
				);
				PRODUCT_BUNDLE_IDENTIFIER = com.luongnn.TekoStudyTests;
				PRODUCT_NAME = "$(TARGET_NAME)";
				SWIFT_VERSION = 5.0;
				TARGETED_DEVICE_FAMILY = "1,2";
				TEST_HOST = "$(BUILT_PRODUCTS_DIR)/TekoStudy.app/TekoStudy";
			};
			name = Debug;
		};
		C090ABE724187BBF00DE6F09 /* Release */ = {
			isa = XCBuildConfiguration;
			baseConfigurationReference = BEE6D71C4C6872E3876C2E9B /* Pods-TekoStudyTests.release.xcconfig */;
			buildSettings = {
				ALWAYS_EMBED_SWIFT_STANDARD_LIBRARIES = YES;
				BUNDLE_LOADER = "$(TEST_HOST)";
				CODE_SIGN_STYLE = Automatic;
				DEVELOPMENT_TEAM = CZUYSVG392;
				INFOPLIST_FILE = TekoStudyTests/Info.plist;
				IPHONEOS_DEPLOYMENT_TARGET = 13.2;
				LD_RUNPATH_SEARCH_PATHS = (
					"$(inherited)",
					"@executable_path/Frameworks",
					"@loader_path/Frameworks",
				);
				PRODUCT_BUNDLE_IDENTIFIER = com.luongnn.TekoStudyTests;
				PRODUCT_NAME = "$(TARGET_NAME)";
				SWIFT_VERSION = 5.0;
				TARGETED_DEVICE_FAMILY = "1,2";
				TEST_HOST = "$(BUILT_PRODUCTS_DIR)/TekoStudy.app/TekoStudy";
			};
			name = Release;
		};
/* End XCBuildConfiguration section */

/* Begin XCConfigurationList section */
		C090ABBE24187BBD00DE6F09 /* Build configuration list for PBXProject "TekoStudy" */ = {
			isa = XCConfigurationList;
			buildConfigurations = (
				C090ABE024187BBF00DE6F09 /* Debug */,
				C090ABE124187BBF00DE6F09 /* Release */,
			);
			defaultConfigurationIsVisible = 0;
			defaultConfigurationName = Release;
		};
		C090ABE224187BBF00DE6F09 /* Build configuration list for PBXNativeTarget "TekoStudy" */ = {
			isa = XCConfigurationList;
			buildConfigurations = (
				C090ABE324187BBF00DE6F09 /* Debug */,
				C090ABE424187BBF00DE6F09 /* Release */,
			);
			defaultConfigurationIsVisible = 0;
			defaultConfigurationName = Release;
		};
		C090ABE524187BBF00DE6F09 /* Build configuration list for PBXNativeTarget "TekoStudyTests" */ = {
			isa = XCConfigurationList;
			buildConfigurations = (
				C090ABE624187BBF00DE6F09 /* Debug */,
				C090ABE724187BBF00DE6F09 /* Release */,
			);
			defaultConfigurationIsVisible = 0;
			defaultConfigurationName = Release;
		};
/* End XCConfigurationList section */
	};
	rootObject = C090ABBB24187BBD00DE6F09 /* Project object */;
}
